PODS:
  - CarpoolKit (0.0.1):
    - FirebaseCommunity/Auth
    - FirebaseCommunity/Database
    - PromiseKit
  - FirebaseCommunity/Auth (0.1.6):
    - FirebaseCommunity/Core
    - GoogleToolboxForMac/NSDictionary+URLArguments (~> 2.1)
    - GTMSessionFetcher/Core (~> 1.1)
  - FirebaseCommunity/Core (0.1.6):
    - FirebaseCommunity/Root
    - GoogleToolboxForMac/NSData+zlib (~> 2.1)
  - FirebaseCommunity/Database (0.1.6):
    - FirebaseCommunity/Core
    - leveldb-library
  - FirebaseCommunity/Root (0.1.6)
  - GoogleToolboxForMac/DebugUtils (2.1.3):
    - GoogleToolboxForMac/Defines (= 2.1.3)
  - GoogleToolboxForMac/Defines (2.1.3)
  - GoogleToolboxForMac/NSData+zlib (2.1.3):
    - GoogleToolboxForMac/Defines (= 2.1.3)
  - GoogleToolboxForMac/NSDictionary+URLArguments (2.1.3):
    - GoogleToolboxForMac/DebugUtils (= 2.1.3)
    - GoogleToolboxForMac/Defines (= 2.1.3)
    - GoogleToolboxForMac/NSString+URLArguments (= 2.1.3)
  - GoogleToolboxForMac/NSString+URLArguments (2.1.3)
  - GTMSessionFetcher/Core (1.1.12)
  - leveldb-library (1.20)
  - PromiseKit (4.5.0):
    - PromiseKit/Foundation (= 4.5.0)
    - PromiseKit/QuartzCore (= 4.5.0)
    - PromiseKit/UIKit (= 4.5.0)
  - PromiseKit/CorePromise (4.5.0)
  - PromiseKit/Foundation (4.5.0):
    - PromiseKit/CorePromise
  - PromiseKit/QuartzCore (4.5.0):
    - PromiseKit/CorePromise
  - PromiseKit/UIKit (4.5.0):
    - PromiseKit/CorePromise

DEPENDENCIES:
  - CarpoolKit (from `https://github.com/codebasesav/CarpoolKit.git`, branch `master`)

EXTERNAL SOURCES:
  CarpoolKit:
    :branch: master
    :git: https://github.com/codebasesav/CarpoolKit.git

CHECKOUT OPTIONS:
  CarpoolKit:
    :commit: 0f9677e46521f2a72681ad1ee51b0e6309e7519f
    :git: https://github.com/codebasesav/CarpoolKit.git

SPEC CHECKSUMS:
  CarpoolKit: d7da0599f5fa203173b880c67dff2aed4e36ece9
  FirebaseCommunity: 1f9a0e48654316b4ffe4c830db0ce72b9e2d2c9d
  GoogleToolboxForMac: 2501e2ad72a52eb3dfe7bd9aee7dad11b858bd20
  GTMSessionFetcher: ebaa1f79a5366922c1735f1566901f50beba23b7
  leveldb-library: 4f9eedf84ab46b4fa3b7893bf30714b2a1a74022
  PromiseKit: 9c1d9f6d7b65e3951a90bea7f407c56972be5d8e

PODFILE CHECKSUM: cc5c23a0656734ddccf1b128910e0cdf9007c473

COCOAPODS: 1.3.1
