// !$*UTF8*$!
{
	archiveVersion = 1;
	classes = {
	};
	objectVersion = 48;
	objects = {

/* Begin PBXBuildFile section */
		730ABE2D1FB0EEAF00146469 /* TripDetailViewController.swift in Sources */ = {isa = PBXBuildFile; fileRef = 730ABE2C1FB0EEAF00146469 /* TripDetailViewController.swift */; };
		733E2FFB1FB0E79C005E9AFD /* AppDelegate.swift in Sources */ = {isa = PBXBuildFile; fileRef = 733E2FFA1FB0E79C005E9AFD /* AppDelegate.swift */; };
		733E2FFD1FB0E79C005E9AFD /* RootViewController.swift in Sources */ = {isa = PBXBuildFile; fileRef = 733E2FFC1FB0E79C005E9AFD /* RootViewController.swift */; };
		733E30001FB0E79C005E9AFD /* Main.storyboard in Resources */ = {isa = PBXBuildFile; fileRef = 733E2FFE1FB0E79C005E9AFD /* Main.storyboard */; };
		733E30021FB0E79C005E9AFD /* Assets.xcassets in Resources */ = {isa = PBXBuildFile; fileRef = 733E30011FB0E79C005E9AFD /* Assets.xcassets */; };
		733E30051FB0E79C005E9AFD /* LaunchScreen.storyboard in Resources */ = {isa = PBXBuildFile; fileRef = 733E30031FB0E79C005E9AFD /* LaunchScreen.storyboard */; };
		736385DF1FB25D5A00472D2E /* GoogleService-Info.plist in Resources */ = {isa = PBXBuildFile; fileRef = 736385DE1FB25D5A00472D2E /* GoogleService-Info.plist */; };
		73676F381FB39BE000FA1742 /* Savannah.gpx in Resources */ = {isa = PBXBuildFile; fileRef = 73676F371FB39BE000FA1742 /* Savannah.gpx */; };
		D22071811FB114AF004B1B36 /* CreateTripViewController.swift in Sources */ = {isa = PBXBuildFile; fileRef = D22071801FB114AF004B1B36 /* CreateTripViewController.swift */; };
		D2D8B2651FB36A4A00800358 /* SearchLocationViewController.swift in Sources */ = {isa = PBXBuildFile; fileRef = D2D8B2641FB36A4A00800358 /* SearchLocationViewController.swift */; };
		D2FFE75F1FB2241400641577 /* TripCell.swift in Sources */ = {isa = PBXBuildFile; fileRef = D2FFE75E1FB2241400641577 /* TripCell.swift */; };
		DA22EC9196721EEC17B366B4 /* Pods_Carpool.framework in Frameworks */ = {isa = PBXBuildFile; fileRef = BBC503E4FFD20DF4FB31BCB6 /* Pods_Carpool.framework */; };
/* End PBXBuildFile section */

/* Begin PBXFileReference section */
		36CE04F4A1B0B43F44F57A64 /* Pods-Carpool.debug.xcconfig */ = {isa = PBXFileReference; includeInIndex = 1; lastKnownFileType = text.xcconfig; name = "Pods-Carpool.debug.xcconfig"; path = "Pods/Target Support Files/Pods-Carpool/Pods-Carpool.debug.xcconfig"; sourceTree = "<group>"; };
		730ABE2C1FB0EEAF00146469 /* TripDetailViewController.swift */ = {isa = PBXFileReference; lastKnownFileType = sourcecode.swift; path = TripDetailViewController.swift; sourceTree = "<group>"; };
		733E2FF71FB0E79C005E9AFD /* Carpool.app */ = {isa = PBXFileReference; explicitFileType = wrapper.application; includeInIndex = 0; path = Carpool.app; sourceTree = BUILT_PRODUCTS_DIR; };
		733E2FFA1FB0E79C005E9AFD /* AppDelegate.swift */ = {isa = PBXFileReference; lastKnownFileType = sourcecode.swift; path = AppDelegate.swift; sourceTree = "<group>"; };
		733E2FFC1FB0E79C005E9AFD /* RootViewController.swift */ = {isa = PBXFileReference; lastKnownFileType = sourcecode.swift; path = RootViewController.swift; sourceTree = "<group>"; };
		733E2FFF1FB0E79C005E9AFD /* Base */ = {isa = PBXFileReference; lastKnownFileType = file.storyboard; name = Base; path = Base.lproj/Main.storyboard; sourceTree = "<group>"; };
		733E30011FB0E79C005E9AFD /* Assets.xcassets */ = {isa = PBXFileReference; lastKnownFileType = folder.assetcatalog; path = Assets.xcassets; sourceTree = "<group>"; };
		733E30041FB0E79C005E9AFD /* Base */ = {isa = PBXFileReference; lastKnownFileType = file.storyboard; name = Base; path = Base.lproj/LaunchScreen.storyboard; sourceTree = "<group>"; };
		733E30061FB0E79C005E9AFD /* Info.plist */ = {isa = PBXFileReference; lastKnownFileType = text.plist.xml; path = Info.plist; sourceTree = "<group>"; };
		736385DE1FB25D5A00472D2E /* GoogleService-Info.plist */ = {isa = PBXFileReference; fileEncoding = 4; lastKnownFileType = text.plist.xml; path = "GoogleService-Info.plist"; sourceTree = "<group>"; };
		73676F371FB39BE000FA1742 /* Savannah.gpx */ = {isa = PBXFileReference; fileEncoding = 4; lastKnownFileType = text.xml; name = Savannah.gpx; path = ../../../../Downloads/Savannah.gpx; sourceTree = "<group>"; };
		9A5EBFA6D1B05B21D53BE329 /* Pods-Carpool.release.xcconfig */ = {isa = PBXFileReference; includeInIndex = 1; lastKnownFileType = text.xcconfig; name = "Pods-Carpool.release.xcconfig"; path = "Pods/Target Support Files/Pods-Carpool/Pods-Carpool.release.xcconfig"; sourceTree = "<group>"; };
		BBC503E4FFD20DF4FB31BCB6 /* Pods_Carpool.framework */ = {isa = PBXFileReference; explicitFileType = wrapper.framework; includeInIndex = 0; path = Pods_Carpool.framework; sourceTree = BUILT_PRODUCTS_DIR; };
		D22071801FB114AF004B1B36 /* CreateTripViewController.swift */ = {isa = PBXFileReference; lastKnownFileType = sourcecode.swift; path = CreateTripViewController.swift; sourceTree = "<group>"; };
		D2D8B2641FB36A4A00800358 /* SearchLocationViewController.swift */ = {isa = PBXFileReference; lastKnownFileType = sourcecode.swift; path = SearchLocationViewController.swift; sourceTree = "<group>"; };
		D2FFE75E1FB2241400641577 /* TripCell.swift */ = {isa = PBXFileReference; lastKnownFileType = sourcecode.swift; path = TripCell.swift; sourceTree = "<group>"; };
/* End PBXFileReference section */

/* Begin PBXFrameworksBuildPhase section */
		733E2FF41FB0E79C005E9AFD /* Frameworks */ = {
			isa = PBXFrameworksBuildPhase;
			buildActionMask = 2147483647;
			files = (
				DA22EC9196721EEC17B366B4 /* Pods_Carpool.framework in Frameworks */,
			);
			runOnlyForDeploymentPostprocessing = 0;
		};
/* End PBXFrameworksBuildPhase section */

/* Begin PBXGroup section */
		6055D86B47ABC2B098444971 /* Pods */ = {
			isa = PBXGroup;
			children = (
				36CE04F4A1B0B43F44F57A64 /* Pods-Carpool.debug.xcconfig */,
				9A5EBFA6D1B05B21D53BE329 /* Pods-Carpool.release.xcconfig */,
			);
			name = Pods;
			sourceTree = "<group>";
		};
		733E2FEE1FB0E79C005E9AFD = {
			isa = PBXGroup;
			children = (
				733E2FF91FB0E79C005E9AFD /* Carpool */,
				733E2FF81FB0E79C005E9AFD /* Products */,
				6055D86B47ABC2B098444971 /* Pods */,
				EFA50AED230D0DA708B79660 /* Frameworks */,
			);
			sourceTree = "<group>";
		};
		733E2FF81FB0E79C005E9AFD /* Products */ = {
			isa = PBXGroup;
			children = (
				733E2FF71FB0E79C005E9AFD /* Carpool.app */,
			);
			name = Products;
			sourceTree = "<group>";
		};
		733E2FF91FB0E79C005E9AFD /* Carpool */ = {
			isa = PBXGroup;
			children = (
				733E2FFA1FB0E79C005E9AFD /* AppDelegate.swift */,
				733E2FFC1FB0E79C005E9AFD /* RootViewController.swift */,
				D2FFE75E1FB2241400641577 /* TripCell.swift */,
				D22071801FB114AF004B1B36 /* CreateTripViewController.swift */,
				730ABE2C1FB0EEAF00146469 /* TripDetailViewController.swift */,
				D2D8B2641FB36A4A00800358 /* SearchLocationViewController.swift */,
				733E2FFE1FB0E79C005E9AFD /* Main.storyboard */,
				733E30011FB0E79C005E9AFD /* Assets.xcassets */,
				733E30031FB0E79C005E9AFD /* LaunchScreen.storyboard */,
				733E30061FB0E79C005E9AFD /* Info.plist */,
				736385DE1FB25D5A00472D2E /* GoogleService-Info.plist */,
				73676F371FB39BE000FA1742 /* Savannah.gpx */,
			);
			path = Carpool;
			sourceTree = "<group>";
		};
		EFA50AED230D0DA708B79660 /* Frameworks */ = {
			isa = PBXGroup;
			children = (
				BBC503E4FFD20DF4FB31BCB6 /* Pods_Carpool.framework */,
			);
			name = Frameworks;
			sourceTree = "<group>";
		};
/* End PBXGroup section */

/* Begin PBXNativeTarget section */
		733E2FF61FB0E79C005E9AFD /* Carpool */ = {
			isa = PBXNativeTarget;
			buildConfigurationList = 733E30091FB0E79C005E9AFD /* Build configuration list for PBXNativeTarget "Carpool" */;
			buildPhases = (
				F077A52B676CF161343E0795 /* [CP] Check Pods Manifest.lock */,
				733E2FF31FB0E79C005E9AFD /* Sources */,
				733E2FF41FB0E79C005E9AFD /* Frameworks */,
				733E2FF51FB0E79C005E9AFD /* Resources */,
				49705671377270E86A9F79A9 /* [CP] Embed Pods Frameworks */,
				F7F4AEDF62E73164201B0726 /* [CP] Copy Pods Resources */,
			);
			buildRules = (
			);
			dependencies = (
			);
			name = Carpool;
			productName = Carpool;
			productReference = 733E2FF71FB0E79C005E9AFD /* Carpool.app */;
			productType = "com.apple.product-type.application";
		};
/* End PBXNativeTarget section */

/* Begin PBXProject section */
		733E2FEF1FB0E79C005E9AFD /* Project object */ = {
			isa = PBXProject;
			attributes = {
				LastSwiftUpdateCheck = 0910;
				LastUpgradeCheck = 0910;
				ORGANIZATIONNAME = Codebase;
				TargetAttributes = {
					733E2FF61FB0E79C005E9AFD = {
						CreatedOnToolsVersion = 9.1;
						ProvisioningStyle = Automatic;
					};
				};
			};
			buildConfigurationList = 733E2FF21FB0E79C005E9AFD /* Build configuration list for PBXProject "Carpool" */;
			compatibilityVersion = "Xcode 8.0";
			developmentRegion = en;
			hasScannedForEncodings = 0;
			knownRegions = (
				en,
				Base,
			);
			mainGroup = 733E2FEE1FB0E79C005E9AFD;
			productRefGroup = 733E2FF81FB0E79C005E9AFD /* Products */;
			projectDirPath = "";
			projectRoot = "";
			targets = (
				733E2FF61FB0E79C005E9AFD /* Carpool */,
			);
		};
/* End PBXProject section */

/* Begin PBXResourcesBuildPhase section */
		733E2FF51FB0E79C005E9AFD /* Resources */ = {
			isa = PBXResourcesBuildPhase;
			buildActionMask = 2147483647;
			files = (
				733E30051FB0E79C005E9AFD /* LaunchScreen.storyboard in Resources */,
				736385DF1FB25D5A00472D2E /* GoogleService-Info.plist in Resources */,
				733E30021FB0E79C005E9AFD /* Assets.xcassets in Resources */,
				73676F381FB39BE000FA1742 /* Savannah.gpx in Resources */,
				733E30001FB0E79C005E9AFD /* Main.storyboard in Resources */,
			);
			runOnlyForDeploymentPostprocessing = 0;
		};
/* End PBXResourcesBuildPhase section */

/* Begin PBXShellScriptBuildPhase section */
		49705671377270E86A9F79A9 /* [CP] Embed Pods Frameworks */ = {
			isa = PBXShellScriptBuildPhase;
			buildActionMask = 2147483647;
			files = (
			);
			inputPaths = (
				"${SRCROOT}/Pods/Target Support Files/Pods-Carpool/Pods-Carpool-frameworks.sh",
				"${BUILT_PRODUCTS_DIR}/CarpoolKit/CarpoolKit.framework",
				"${BUILT_PRODUCTS_DIR}/FirebaseCommunity/FirebaseCommunity.framework",
				"${BUILT_PRODUCTS_DIR}/GTMSessionFetcher/GTMSessionFetcher.framework",
				"${BUILT_PRODUCTS_DIR}/GoogleToolboxForMac/GoogleToolboxForMac.framework",
				"${BUILT_PRODUCTS_DIR}/PromiseKit/PromiseKit.framework",
				"${BUILT_PRODUCTS_DIR}/leveldb-library/leveldb.framework",
			);
			name = "[CP] Embed Pods Frameworks";
			outputPaths = (
				"${TARGET_BUILD_DIR}/${FRAMEWORKS_FOLDER_PATH}/CarpoolKit.framework",
				"${TARGET_BUILD_DIR}/${FRAMEWORKS_FOLDER_PATH}/FirebaseCommunity.framework",
				"${TARGET_BUILD_DIR}/${FRAMEWORKS_FOLDER_PATH}/GTMSessionFetcher.framework",
				"${TARGET_BUILD_DIR}/${FRAMEWORKS_FOLDER_PATH}/GoogleToolboxForMac.framework",
				"${TARGET_BUILD_DIR}/${FRAMEWORKS_FOLDER_PATH}/PromiseKit.framework",
				"${TARGET_BUILD_DIR}/${FRAMEWORKS_FOLDER_PATH}/leveldb.framework",
			);
			runOnlyForDeploymentPostprocessing = 0;
			shellPath = /bin/sh;
			shellScript = "\"${SRCROOT}/Pods/Target Support Files/Pods-Carpool/Pods-Carpool-frameworks.sh\"\n";
			showEnvVarsInLog = 0;
		};
		F077A52B676CF161343E0795 /* [CP] Check Pods Manifest.lock */ = {
			isa = PBXShellScriptBuildPhase;
			buildActionMask = 2147483647;
			files = (
			);
			inputPaths = (
				"${PODS_PODFILE_DIR_PATH}/Podfile.lock",
				"${PODS_ROOT}/Manifest.lock",
			);
			name = "[CP] Check Pods Manifest.lock";
			outputPaths = (
				"$(DERIVED_FILE_DIR)/Pods-Carpool-checkManifestLockResult.txt",
			);
			runOnlyForDeploymentPostprocessing = 0;
			shellPath = /bin/sh;
			shellScript = "diff \"${PODS_PODFILE_DIR_PATH}/Podfile.lock\" \"${PODS_ROOT}/Manifest.lock\" > /dev/null\nif [ $? != 0 ] ; then\n    # print error to STDERR\n    echo \"error: The sandbox is not in sync with the Podfile.lock. Run 'pod install' or update your CocoaPods installation.\" >&2\n    exit 1\nfi\n# This output is used by Xcode 'outputs' to avoid re-running this script phase.\necho \"SUCCESS\" > \"${SCRIPT_OUTPUT_FILE_0}\"\n";
			showEnvVarsInLog = 0;
		};
		F7F4AEDF62E73164201B0726 /* [CP] Copy Pods Resources */ = {
			isa = PBXShellScriptBuildPhase;
			buildActionMask = 2147483647;
			files = (
			);
			inputPaths = (
			);
			name = "[CP] Copy Pods Resources";
			outputPaths = (
			);
			runOnlyForDeploymentPostprocessing = 0;
			shellPath = /bin/sh;
			shellScript = "\"${SRCROOT}/Pods/Target Support Files/Pods-Carpool/Pods-Carpool-resources.sh\"\n";
			showEnvVarsInLog = 0;
		};
/* End PBXShellScriptBuildPhase section */

/* Begin PBXSourcesBuildPhase section */
		733E2FF31FB0E79C005E9AFD /* Sources */ = {
			isa = PBXSourcesBuildPhase;
			buildActionMask = 2147483647;
			files = (
				730ABE2D1FB0EEAF00146469 /* TripDetailViewController.swift in Sources */,
				733E2FFD1FB0E79C005E9AFD /* RootViewController.swift in Sources */,
				733E2FFB1FB0E79C005E9AFD /* AppDelegate.swift in Sources */,
				D2D8B2651FB36A4A00800358 /* SearchLocationViewController.swift in Sources */,
				D22071811FB114AF004B1B36 /* CreateTripViewController.swift in Sources */,
				D2FFE75F1FB2241400641577 /* TripCell.swift in Sources */,
			);
			runOnlyForDeploymentPostprocessing = 0;
		};
/* End PBXSourcesBuildPhase section */

/* Begin PBXVariantGroup section */
		733E2FFE1FB0E79C005E9AFD /* Main.storyboard */ = {
			isa = PBXVariantGroup;
			children = (
				733E2FFF1FB0E79C005E9AFD /* Base */,
			);
			name = Main.storyboard;
			sourceTree = "<group>";
		};
		733E30031FB0E79C005E9AFD /* LaunchScreen.storyboard */ = {
			isa = PBXVariantGroup;
			children = (
				733E30041FB0E79C005E9AFD /* Base */,
			);
			name = LaunchScreen.storyboard;
			sourceTree = "<group>";
		};
/* End PBXVariantGroup section */

/* Begin XCBuildConfiguration section */
		733E30071FB0E79C005E9AFD /* Debug */ = {
			isa = XCBuildConfiguration;
			buildSettings = {
				ALWAYS_SEARCH_USER_PATHS = NO;
				CLANG_ANALYZER_NONNULL = YES;
				CLANG_ANALYZER_NUMBER_OBJECT_CONVERSION = YES_AGGRESSIVE;
				CLANG_CXX_LANGUAGE_STANDARD = "gnu++14";
				CLANG_CXX_LIBRARY = "libc++";
				CLANG_ENABLE_MODULES = YES;
				CLANG_ENABLE_OBJC_ARC = YES;
				CLANG_WARN_BLOCK_CAPTURE_AUTORELEASING = YES;
				CLANG_WARN_BOOL_CONVERSION = YES;
				CLANG_WARN_COMMA = YES;
				CLANG_WARN_CONSTANT_CONVERSION = YES;
				CLANG_WARN_DIRECT_OBJC_ISA_USAGE = YES_ERROR;
				CLANG_WARN_DOCUMENTATION_COMMENTS = YES;
				CLANG_WARN_EMPTY_BODY = YES;
				CLANG_WARN_ENUM_CONVERSION = YES;
				CLANG_WARN_INFINITE_RECURSION = YES;
				CLANG_WARN_INT_CONVERSION = YES;
				CLANG_WARN_NON_LITERAL_NULL_CONVERSION = YES;
				CLANG_WARN_OBJC_LITERAL_CONVERSION = YES;
				CLANG_WARN_OBJC_ROOT_CLASS = YES_ERROR;
				CLANG_WARN_RANGE_LOOP_ANALYSIS = YES;
				CLANG_WARN_STRICT_PROTOTYPES = YES;
				CLANG_WARN_SUSPICIOUS_MOVE = YES;
				CLANG_WARN_UNGUARDED_AVAILABILITY = YES_AGGRESSIVE;
				CLANG_WARN_UNREACHABLE_CODE = YES;
				CLANG_WARN__DUPLICATE_METHOD_MATCH = YES;
				CODE_SIGN_IDENTITY = "iPhone Developer";
				COPY_PHASE_STRIP = NO;
				DEBUG_INFORMATION_FORMAT = dwarf;
				ENABLE_STRICT_OBJC_MSGSEND = YES;
				ENABLE_TESTABILITY = YES;
				GCC_C_LANGUAGE_STANDARD = gnu11;
				GCC_DYNAMIC_NO_PIC = NO;
				GCC_NO_COMMON_BLOCKS = YES;
				GCC_OPTIMIZATION_LEVEL = 0;
				GCC_PREPROCESSOR_DEFINITIONS = (
					"DEBUG=1",
					"$(inherited)",
				);
				GCC_WARN_64_TO_32_BIT_CONVERSION = YES;
				GCC_WARN_ABOUT_RETURN_TYPE = YES_ERROR;
				GCC_WARN_UNDECLARED_SELECTOR = YES;
				GCC_WARN_UNINITIALIZED_AUTOS = YES_AGGRESSIVE;
				GCC_WARN_UNUSED_FUNCTION = YES;
				GCC_WARN_UNUSED_VARIABLE = YES;
				IPHONEOS_DEPLOYMENT_TARGET = 11.1;
				MTL_ENABLE_DEBUG_INFO = YES;
				ONLY_ACTIVE_ARCH = YES;
				SDKROOT = iphoneos;
				SWIFT_ACTIVE_COMPILATION_CONDITIONS = DEBUG;
				SWIFT_OPTIMIZATION_LEVEL = "-Onone";
			};
			name = Debug;
		};
		733E30081FB0E79C005E9AFD /* Release */ = {
			isa = XCBuildConfiguration;
			buildSettings = {
				ALWAYS_SEARCH_USER_PATHS = NO;
				CLANG_ANALYZER_NONNULL = YES;
				CLANG_ANALYZER_NUMBER_OBJECT_CONVERSION = YES_AGGRESSIVE;
				CLANG_CXX_LANGUAGE_STANDARD = "gnu++14";
				CLANG_CXX_LIBRARY = "libc++";
				CLANG_ENABLE_MODULES = YES;
				CLANG_ENABLE_OBJC_ARC = YES;
				CLANG_WARN_BLOCK_CAPTURE_AUTORELEASING = YES;
				CLANG_WARN_BOOL_CONVERSION = YES;
				CLANG_WARN_COMMA = YES;
				CLANG_WARN_CONSTANT_CONVERSION = YES;
				CLANG_WARN_DIRECT_OBJC_ISA_USAGE = YES_ERROR;
				CLANG_WARN_DOCUMENTATION_COMMENTS = YES;
				CLANG_WARN_EMPTY_BODY = YES;
				CLANG_WARN_ENUM_CONVERSION = YES;
				CLANG_WARN_INFINITE_RECURSION = YES;
				CLANG_WARN_INT_CONVERSION = YES;
				CLANG_WARN_NON_LITERAL_NULL_CONVERSION = YES;
				CLANG_WARN_OBJC_LITERAL_CONVERSION = YES;
				CLANG_WARN_OBJC_ROOT_CLASS = YES_ERROR;
				CLANG_WARN_RANGE_LOOP_ANALYSIS = YES;
				CLANG_WARN_STRICT_PROTOTYPES = YES;
				CLANG_WARN_SUSPICIOUS_MOVE = YES;
				CLANG_WARN_UNGUARDED_AVAILABILITY = YES_AGGRESSIVE;
				CLANG_WARN_UNREACHABLE_CODE = YES;
				CLANG_WARN__DUPLICATE_METHOD_MATCH = YES;
				CODE_SIGN_IDENTITY = "iPhone Developer";
				COPY_PHASE_STRIP = NO;
				DEBUG_INFORMATION_FORMAT = "dwarf-with-dsym";
				ENABLE_NS_ASSERTIONS = NO;
				ENABLE_STRICT_OBJC_MSGSEND = YES;
				GCC_C_LANGUAGE_STANDARD = gnu11;
				GCC_NO_COMMON_BLOCKS = YES;
				GCC_WARN_64_TO_32_BIT_CONVERSION = YES;
				GCC_WARN_ABOUT_RETURN_TYPE = YES_ERROR;
				GCC_WARN_UNDECLARED_SELECTOR = YES;
				GCC_WARN_UNINITIALIZED_AUTOS = YES_AGGRESSIVE;
				GCC_WARN_UNUSED_FUNCTION = YES;
				GCC_WARN_UNUSED_VARIABLE = YES;
				IPHONEOS_DEPLOYMENT_TARGET = 11.1;
				MTL_ENABLE_DEBUG_INFO = NO;
				SDKROOT = iphoneos;
				SWIFT_OPTIMIZATION_LEVEL = "-Owholemodule";
				VALIDATE_PRODUCT = YES;
			};
			name = Release;
		};
		733E300A1FB0E79C005E9AFD /* Debug */ = {
			isa = XCBuildConfiguration;
			baseConfigurationReference = 36CE04F4A1B0B43F44F57A64 /* Pods-Carpool.debug.xcconfig */;
			buildSettings = {
				ASSETCATALOG_COMPILER_APPICON_NAME = AppIcon;
				CODE_SIGN_STYLE = Automatic;
				DEVELOPMENT_TEAM = LT6N8DA298;
				INFOPLIST_FILE = Carpool/Info.plist;
				LD_RUNPATH_SEARCH_PATHS = "$(inherited) @executable_path/Frameworks";
				PRODUCT_BUNDLE_IDENTIFIER = io.github.akishah.Carpool;
				PRODUCT_NAME = "$(TARGET_NAME)";
				SWIFT_VERSION = 4.0;
				TARGETED_DEVICE_FAMILY = "1,2";
			};
			name = Debug;
		};
		733E300B1FB0E79C005E9AFD /* Release */ = {
			isa = XCBuildConfiguration;
			baseConfigurationReference = 9A5EBFA6D1B05B21D53BE329 /* Pods-Carpool.release.xcconfig */;
			buildSettings = {
				ASSETCATALOG_COMPILER_APPICON_NAME = AppIcon;
				CODE_SIGN_STYLE = Automatic;
				DEVELOPMENT_TEAM = LT6N8DA298;
				INFOPLIST_FILE = Carpool/Info.plist;
				LD_RUNPATH_SEARCH_PATHS = "$(inherited) @executable_path/Frameworks";
				PRODUCT_BUNDLE_IDENTIFIER = io.github.akishah.Carpool;
				PRODUCT_NAME = "$(TARGET_NAME)";
				SWIFT_VERSION = 4.0;
				TARGETED_DEVICE_FAMILY = "1,2";
			};
			name = Release;
		};
/* End XCBuildConfiguration section */

/* Begin XCConfigurationList section */
		733E2FF21FB0E79C005E9AFD /* Build configuration list for PBXProject "Carpool" */ = {
			isa = XCConfigurationList;
			buildConfigurations = (
				733E30071FB0E79C005E9AFD /* Debug */,
				733E30081FB0E79C005E9AFD /* Release */,
			);
			defaultConfigurationIsVisible = 0;
			defaultConfigurationName = Release;
		};
		733E30091FB0E79C005E9AFD /* Build configuration list for PBXNativeTarget "Carpool" */ = {
			isa = XCConfigurationList;
			buildConfigurations = (
				733E300A1FB0E79C005E9AFD /* Debug */,
				733E300B1FB0E79C005E9AFD /* Release */,
			);
			defaultConfigurationIsVisible = 0;
			defaultConfigurationName = Release;
		};
/* End XCConfigurationList section */
	};
	rootObject = 733E2FEF1FB0E79C005E9AFD /* Project object */;
}
